
Microsoft Visual Studio Solution File, Format Version 12.00
# Visual Studio Version 17
VisualStudioVersion = 17.12.35514.174 d17.12
MinimumVisualStudioVersion = 10.0.40219.1
Project("{FAE04EC0-301F-11D3-BF4B-00C04F79EFBC}") = "QLKS", "QLKS\QLKS.csproj", "{B7990B20-6E8C-49EA-9B88-C0F6D9C13123}"
EndProject
Global
	GlobalSection(SolutionConfigurationPlatforms) = preSolution
		Debug|Any CPU = Debug|Any CPU
		Release|Any CPU = Release|Any CPU
	EndGlobalSection
	GlobalSection(ProjectConfigurationPlatforms) = postSolution
		{B7990B20-6E8C-49EA-9B88-C0F6D9C13123}.Debug|Any CPU.ActiveCfg = Debug|Any CPU
		{B7990B20-6E8C-49EA-9B88-C0F6D9C13123}.Debug|Any CPU.Build.0 = Debug|Any CPU
		{B7990B20-6E8C-49EA-9B88-C0F6D9C13123}.Release|Any CPU.ActiveCfg = Release|Any CPU
		{B7990B20-6E8C-49EA-9B88-C0F6D9C13123}.Release|Any CPU.Build.0 = Release|Any CPU
	EndGlobalSection
	GlobalSection(SolutionProperties) = preSolution
		HideSolutionNode = FALSE
	EndGlobalSection
EndGlobal
